
Microsoft Visual Studio Solution File, Format Version 12.00
# Visual Studio 15
VisualStudioVersion = 15.0.27130.2024
MinimumVisualStudioVersion = 10.0.40219.1
Project("{8BC9CEB8-8B4A-11D0-8D11-00A0C91BC942}") = "baekjoon_4641", "baekjoon_4641\baekjoon_4641.vcxproj", "{B094BBFF-5204-4377-ADFF-06E74B137451}"
EndProject
Global
	GlobalSection(SolutionConfigurationPlatforms) = preSolution
		Debug|x64 = Debug|x64
		Debug|x86 = Debug|x86
		Release|x64 = Release|x64
		Release|x86 = Release|x86
	EndGlobalSection
	GlobalSection(ProjectConfigurationPlatforms) = postSolution
		{B094BBFF-5204-4377-ADFF-06E74B137451}.Debug|x64.ActiveCfg = Debug|x64
		{B094BBFF-5204-4377-ADFF-06E74B137451}.Debug|x64.Build.0 = Debug|x64
		{B094BBFF-5204-4377-ADFF-06E74B137451}.Debug|x86.ActiveCfg = Debug|Win32
		{B094BBFF-5204-4377-ADFF-06E74B137451}.Debug|x86.Build.0 = Debug|Win32
		{B094BBFF-5204-4377-ADFF-06E74B137451}.Release|x64.ActiveCfg = Release|x64
		{B094BBFF-5204-4377-ADFF-06E74B137451}.Release|x64.Build.0 = Release|x64
		{B094BBFF-5204-4377-ADFF-06E74B137451}.Release|x86.ActiveCfg = Release|Win32
		{B094BBFF-5204-4377-ADFF-06E74B137451}.Release|x86.Build.0 = Release|Win32
	EndGlobalSection
	GlobalSection(SolutionProperties) = preSolution
		HideSolutionNode = FALSE
	EndGlobalSection
	GlobalSection(ExtensibilityGlobals) = postSolution
		SolutionGuid = {A205BED2-844E-4B26-A6CB-FF7E1F0A95E8}
	EndGlobalSection
EndGlobal
